
Microsoft Visual Studio Solution File, Format Version 12.00
# Visual Studio Version 17
VisualStudioVersion = 17.4.33103.184
MinimumVisualStudioVersion = 10.0.40219.1
Project("{FAE04EC0-301F-11D3-BF4B-00C04F79EFBC}") = "Summative Animation(2)", "Summative Animation(2)\Summative Animation(2).csproj", "{4C7F8857-3FF0-4424-A3C6-74ADE29AE37F}"
EndProject
Global
	GlobalSection(SolutionConfigurationPlatforms) = preSolution
		Debug|Any CPU = Debug|Any CPU
		Release|Any CPU = Release|Any CPU
	EndGlobalSection
	GlobalSection(ProjectConfigurationPlatforms) = postSolution
		{4C7F8857-3FF0-4424-A3C6-74ADE29AE37F}.Debug|Any CPU.ActiveCfg = Debug|Any CPU
		{4C7F8857-3FF0-4424-A3C6-74ADE29AE37F}.Debug|Any CPU.Build.0 = Debug|Any CPU
		{4C7F8857-3FF0-4424-A3C6-74ADE29AE37F}.Release|Any CPU.ActiveCfg = Release|Any CPU
		{4C7F8857-3FF0-4424-A3C6-74ADE29AE37F}.Release|Any CPU.Build.0 = Release|Any CPU
	EndGlobalSection
	GlobalSection(SolutionProperties) = preSolution
		HideSolutionNode = FALSE
	EndGlobalSection
	GlobalSection(ExtensibilityGlobals) = postSolution
		SolutionGuid = {F3687288-903B-4D34-8905-1B6C91277D95}
	EndGlobalSection
EndGlobal
